
Microsoft Visual Studio Solution File, Format Version 12.00
# Visual Studio Version 17
VisualStudioVersion = 17.8.34322.80
MinimumVisualStudioVersion = 10.0.40219.1
Project("{9A19103F-16F7-4668-BE54-9A1E7A4F7556}") = "CSharp3_25_02", "C#3_25_02\CSharp3_25_02.csproj", "{CCFDA0D9-0C8B-4C8E-9570-0120BD96353D}"
EndProject
Project("{9A19103F-16F7-4668-BE54-9A1E7A4F7556}") = "Core", "Core\Core.csproj", "{8D32E766-5203-4F7C-B362-6855F8241BBD}"
EndProject
Project("{FAE04EC0-301F-11D3-BF4B-00C04F79EFBC}") = "TestAplication", "TestAplication\TestAplication.csproj", "{B72043B4-6A08-49C1-83E6-706A84D76B1F}"
EndProject
Global
	GlobalSection(SolutionConfigurationPlatforms) = preSolution
		Debug|Any CPU = Debug|Any CPU
		Release|Any CPU = Release|Any CPU
	EndGlobalSection
	GlobalSection(ProjectConfigurationPlatforms) = postSolution
		{CCFDA0D9-0C8B-4C8E-9570-0120BD96353D}.Debug|Any CPU.ActiveCfg = Debug|Any CPU
		{CCFDA0D9-0C8B-4C8E-9570-0120BD96353D}.Debug|Any CPU.Build.0 = Debug|Any CPU
		{CCFDA0D9-0C8B-4C8E-9570-0120BD96353D}.Release|Any CPU.ActiveCfg = Release|Any CPU
		{CCFDA0D9-0C8B-4C8E-9570-0120BD96353D}.Release|Any CPU.Build.0 = Release|Any CPU
		{8D32E766-5203-4F7C-B362-6855F8241BBD}.Debug|Any CPU.ActiveCfg = Debug|Any CPU
		{8D32E766-5203-4F7C-B362-6855F8241BBD}.Debug|Any CPU.Build.0 = Debug|Any CPU
		{8D32E766-5203-4F7C-B362-6855F8241BBD}.Release|Any CPU.ActiveCfg = Release|Any CPU
		{8D32E766-5203-4F7C-B362-6855F8241BBD}.Release|Any CPU.Build.0 = Release|Any CPU
		{B72043B4-6A08-49C1-83E6-706A84D76B1F}.Debug|Any CPU.ActiveCfg = Debug|Any CPU
		{B72043B4-6A08-49C1-83E6-706A84D76B1F}.Debug|Any CPU.Build.0 = Debug|Any CPU
		{B72043B4-6A08-49C1-83E6-706A84D76B1F}.Release|Any CPU.ActiveCfg = Release|Any CPU
		{B72043B4-6A08-49C1-83E6-706A84D76B1F}.Release|Any CPU.Build.0 = Release|Any CPU
	EndGlobalSection
	GlobalSection(SolutionProperties) = preSolution
		HideSolutionNode = FALSE
	EndGlobalSection
	GlobalSection(ExtensibilityGlobals) = postSolution
		SolutionGuid = {124BCB83-6D91-41B0-B70A-B5CB565984B0}
	EndGlobalSection
EndGlobal
